// !$*UTF8*$!
{
	archiveVersion = 1;
	classes = {
	};
	objectVersion = 56;
	objects = {

/* Begin PBXBuildFile section */
		CFED8FEB2BECCA0500E0111F /* d10App.swift in Sources */ = {isa = PBXBuildFile; fileRef = CFED8FEA2BECCA0500E0111F /* d10App.swift */; };
		CFED8FED2BECCA0500E0111F /* ContentView.swift in Sources */ = {isa = PBXBuildFile; fileRef = CFED8FEC2BECCA0500E0111F /* ContentView.swift */; };
		CFED8FEF2BECCA0600E0111F /* Assets.xcassets in Resources */ = {isa = PBXBuildFile; fileRef = CFED8FEE2BECCA0600E0111F /* Assets.xcassets */; };
		CFED8FF22BECCA0600E0111F /* Preview Assets.xcassets in Resources */ = {isa = PBXBuildFile; fileRef = CFED8FF12BECCA0600E0111F /* Preview Assets.xcassets */; };
		CFED8FF92BECCAA900E0111F /* ContentModel.swift in Sources */ = {isa = PBXBuildFile; fileRef = CFED8FF82BECCAA900E0111F /* ContentModel.swift */; };
		CFED8FFB2BECCAD000E0111F /* GetReadyView.swift in Sources */ = {isa = PBXBuildFile; fileRef = CFED8FFA2BECCAD000E0111F /* GetReadyView.swift */; };
/* End PBXBuildFile section */

/* Begin PBXFileReference section */
		CFED8FE72BECCA0500E0111F /* d10 Watch App.app */ = {isa = PBXFileReference; explicitFileType = wrapper.application; includeInIndex = 0; path = "d10 Watch App.app"; sourceTree = BUILT_PRODUCTS_DIR; };
		CFED8FEA2BECCA0500E0111F /* d10App.swift */ = {isa = PBXFileReference; lastKnownFileType = sourcecode.swift; path = d10App.swift; sourceTree = "<group>"; };
		CFED8FEC2BECCA0500E0111F /* ContentView.swift */ = {isa = PBXFileReference; lastKnownFileType = sourcecode.swift; path = ContentView.swift; sourceTree = "<group>"; };
		CFED8FEE2BECCA0600E0111F /* Assets.xcassets */ = {isa = PBXFileReference; lastKnownFileType = folder.assetcatalog; path = Assets.xcassets; sourceTree = "<group>"; };
		CFED8FF12BECCA0600E0111F /* Preview Assets.xcassets */ = {isa = PBXFileReference; lastKnownFileType = folder.assetcatalog; path = "Preview Assets.xcassets"; sourceTree = "<group>"; };
		CFED8FF82BECCAA900E0111F /* ContentModel.swift */ = {isa = PBXFileReference; lastKnownFileType = sourcecode.swift; path = ContentModel.swift; sourceTree = "<group>"; };
		CFED8FFA2BECCAD000E0111F /* GetReadyView.swift */ = {isa = PBXFileReference; lastKnownFileType = sourcecode.swift; path = GetReadyView.swift; sourceTree = "<group>"; };
		CFED8FFC2BECCB3200E0111F /* d10-Watch-App-Info.plist */ = {isa = PBXFileReference; lastKnownFileType = text.plist; path = "d10-Watch-App-Info.plist"; sourceTree = SOURCE_ROOT; };
/* End PBXFileReference section */

/* Begin PBXFrameworksBuildPhase section */
		CFED8FE42BECCA0500E0111F /* Frameworks */ = {
			isa = PBXFrameworksBuildPhase;
			buildActionMask = 2147483647;
			files = (
			);
			runOnlyForDeploymentPostprocessing = 0;
		};
/* End PBXFrameworksBuildPhase section */

/* Begin PBXGroup section */
		CFED8FDE2BECCA0500E0111F = {
			isa = PBXGroup;
			children = (
				CFED8FE92BECCA0500E0111F /* d10 Watch App */,
				CFED8FE82BECCA0500E0111F /* Products */,
			);
			sourceTree = "<group>";
		};
		CFED8FE82BECCA0500E0111F /* Products */ = {
			isa = PBXGroup;
			children = (
				CFED8FE72BECCA0500E0111F /* d10 Watch App.app */,
			);
			name = Products;
			sourceTree = "<group>";
		};
		CFED8FE92BECCA0500E0111F /* d10 Watch App */ = {
			isa = PBXGroup;
			children = (
				CFED8FFC2BECCB3200E0111F /* d10-Watch-App-Info.plist */,
				CFED8FEA2BECCA0500E0111F /* d10App.swift */,
				CFED8FEC2BECCA0500E0111F /* ContentView.swift */,
				CFED8FF82BECCAA900E0111F /* ContentModel.swift */,
				CFED8FFA2BECCAD000E0111F /* GetReadyView.swift */,
				CFED8FEE2BECCA0600E0111F /* Assets.xcassets */,
				CFED8FF02BECCA0600E0111F /* Preview Content */,
			);
			path = "d10 Watch App";
			sourceTree = "<group>";
		};
		CFED8FF02BECCA0600E0111F /* Preview Content */ = {
			isa = PBXGroup;
			children = (
				CFED8FF12BECCA0600E0111F /* Preview Assets.xcassets */,
			);
			path = "Preview Content";
			sourceTree = "<group>";
		};
/* End PBXGroup section */

/* Begin PBXNativeTarget section */
		CFED8FE62BECCA0500E0111F /* d10 Watch App */ = {
			isa = PBXNativeTarget;
			buildConfigurationList = CFED8FF52BECCA0600E0111F /* Build configuration list for PBXNativeTarget "d10 Watch App" */;
			buildPhases = (
				CFED8FE32BECCA0500E0111F /* Sources */,
				CFED8FE42BECCA0500E0111F /* Frameworks */,
				CFED8FE52BECCA0500E0111F /* Resources */,
			);
			buildRules = (
			);
			dependencies = (
			);
			name = "d10 Watch App";
			productName = "d10 Watch App";
			productReference = CFED8FE72BECCA0500E0111F /* d10 Watch App.app */;
			productType = "com.apple.product-type.application";
		};
/* End PBXNativeTarget section */

/* Begin PBXProject section */
		CFED8FDF2BECCA0500E0111F /* Project object */ = {
			isa = PBXProject;
			attributes = {
				BuildIndependentTargetsInParallel = 1;
				LastSwiftUpdateCheck = 1530;
				LastUpgradeCheck = 1530;
				TargetAttributes = {
					CFED8FE62BECCA0500E0111F = {
						CreatedOnToolsVersion = 15.3;
					};
				};
			};
			buildConfigurationList = CFED8FE22BECCA0500E0111F /* Build configuration list for PBXProject "d10" */;
			compatibilityVersion = "Xcode 14.0";
			developmentRegion = en;
			hasScannedForEncodings = 0;
			knownRegions = (
				en,
				Base,
			);
			mainGroup = CFED8FDE2BECCA0500E0111F;
			productRefGroup = CFED8FE82BECCA0500E0111F /* Products */;
			projectDirPath = "";
			projectRoot = "";
			targets = (
				CFED8FE62BECCA0500E0111F /* d10 Watch App */,
			);
		};
/* End PBXProject section */

/* Begin PBXResourcesBuildPhase section */
		CFED8FE52BECCA0500E0111F /* Resources */ = {
			isa = PBXResourcesBuildPhase;
			buildActionMask = 2147483647;
			files = (
				CFED8FF22BECCA0600E0111F /* Preview Assets.xcassets in Resources */,
				CFED8FEF2BECCA0600E0111F /* Assets.xcassets in Resources */,
			);
			runOnlyForDeploymentPostprocessing = 0;
		};
/* End PBXResourcesBuildPhase section */

/* Begin PBXSourcesBuildPhase section */
		CFED8FE32BECCA0500E0111F /* Sources */ = {
			isa = PBXSourcesBuildPhase;
			buildActionMask = 2147483647;
			files = (
				CFED8FED2BECCA0500E0111F /* ContentView.swift in Sources */,
				CFED8FFB2BECCAD000E0111F /* GetReadyView.swift in Sources */,
				CFED8FEB2BECCA0500E0111F /* d10App.swift in Sources */,
				CFED8FF92BECCAA900E0111F /* ContentModel.swift in Sources */,
			);
			runOnlyForDeploymentPostprocessing = 0;
		};
/* End PBXSourcesBuildPhase section */

/* Begin XCBuildConfiguration section */
		CFED8FF32BECCA0600E0111F /* Debug */ = {
			isa = XCBuildConfiguration;
			buildSettings = {
				ALWAYS_SEARCH_USER_PATHS = NO;
				ASSETCATALOG_COMPILER_GENERATE_SWIFT_ASSET_SYMBOL_EXTENSIONS = YES;
				CLANG_ANALYZER_NONNULL = YES;
				CLANG_ANALYZER_NUMBER_OBJECT_CONVERSION = YES_AGGRESSIVE;
				CLANG_CXX_LANGUAGE_STANDARD = "gnu++20";
				CLANG_ENABLE_MODULES = YES;
				CLANG_ENABLE_OBJC_ARC = YES;
				CLANG_ENABLE_OBJC_WEAK = YES;
				CLANG_WARN_BLOCK_CAPTURE_AUTORELEASING = YES;
				CLANG_WARN_BOOL_CONVERSION = YES;
				CLANG_WARN_COMMA = YES;
				CLANG_WARN_CONSTANT_CONVERSION = YES;
				CLANG_WARN_DEPRECATED_OBJC_IMPLEMENTATIONS = YES;
				CLANG_WARN_DIRECT_OBJC_ISA_USAGE = YES_ERROR;
				CLANG_WARN_DOCUMENTATION_COMMENTS = YES;
				CLANG_WARN_EMPTY_BODY = YES;
				CLANG_WARN_ENUM_CONVERSION = YES;
				CLANG_WARN_INFINITE_RECURSION = YES;
				CLANG_WARN_INT_CONVERSION = YES;
				CLANG_WARN_NON_LITERAL_NULL_CONVERSION = YES;
				CLANG_WARN_OBJC_IMPLICIT_RETAIN_SELF = YES;
				CLANG_WARN_OBJC_LITERAL_CONVERSION = YES;
				CLANG_WARN_OBJC_ROOT_CLASS = YES_ERROR;
				CLANG_WARN_QUOTED_INCLUDE_IN_FRAMEWORK_HEADER = YES;
				CLANG_WARN_RANGE_LOOP_ANALYSIS = YES;
				CLANG_WARN_STRICT_PROTOTYPES = YES;
				CLANG_WARN_SUSPICIOUS_MOVE = YES;
				CLANG_WARN_UNGUARDED_AVAILABILITY = YES_AGGRESSIVE;
				CLANG_WARN_UNREACHABLE_CODE = YES;
				CLANG_WARN__DUPLICATE_METHOD_MATCH = YES;
				COPY_PHASE_STRIP = NO;
				DEBUG_INFORMATION_FORMAT = dwarf;
				ENABLE_STRICT_OBJC_MSGSEND = YES;
				ENABLE_TESTABILITY = YES;
				ENABLE_USER_SCRIPT_SANDBOXING = YES;
				GCC_C_LANGUAGE_STANDARD = gnu17;
				GCC_DYNAMIC_NO_PIC = NO;
				GCC_NO_COMMON_BLOCKS = YES;
				GCC_OPTIMIZATION_LEVEL = 0;
				GCC_PREPROCESSOR_DEFINITIONS = (
					"DEBUG=1",
					"$(inherited)",
				);
				GCC_WARN_64_TO_32_BIT_CONVERSION = YES;
				GCC_WARN_ABOUT_RETURN_TYPE = YES_ERROR;
				GCC_WARN_UNDECLARED_SELECTOR = YES;
				GCC_WARN_UNINITIALIZED_AUTOS = YES_AGGRESSIVE;
				GCC_WARN_UNUSED_FUNCTION = YES;
				GCC_WARN_UNUSED_VARIABLE = YES;
				LOCALIZATION_PREFERS_STRING_CATALOGS = YES;
				MTL_ENABLE_DEBUG_INFO = INCLUDE_SOURCE;
				MTL_FAST_MATH = YES;
				ONLY_ACTIVE_ARCH = YES;
				SWIFT_ACTIVE_COMPILATION_CONDITIONS = "DEBUG $(inherited)";
				SWIFT_OPTIMIZATION_LEVEL = "-Onone";
			};
			name = Debug;
		};
		CFED8FF42BECCA0600E0111F /* Release */ = {
			isa = XCBuildConfiguration;
			buildSettings = {
				ALWAYS_SEARCH_USER_PATHS = NO;
				ASSETCATALOG_COMPILER_GENERATE_SWIFT_ASSET_SYMBOL_EXTENSIONS = YES;
				CLANG_ANALYZER_NONNULL = YES;
				CLANG_ANALYZER_NUMBER_OBJECT_CONVERSION = YES_AGGRESSIVE;
				CLANG_CXX_LANGUAGE_STANDARD = "gnu++20";
				CLANG_ENABLE_MODULES = YES;
				CLANG_ENABLE_OBJC_ARC = YES;
				CLANG_ENABLE_OBJC_WEAK = YES;
				CLANG_WARN_BLOCK_CAPTURE_AUTORELEASING = YES;
				CLANG_WARN_BOOL_CONVERSION = YES;
				CLANG_WARN_COMMA = YES;
				CLANG_WARN_CONSTANT_CONVERSION = YES;
				CLANG_WARN_DEPRECATED_OBJC_IMPLEMENTATIONS = YES;
				CLANG_WARN_DIRECT_OBJC_ISA_USAGE = YES_ERROR;
				CLANG_WARN_DOCUMENTATION_COMMENTS = YES;
				CLANG_WARN_EMPTY_BODY = YES;
				CLANG_WARN_ENUM_CONVERSION = YES;
				CLANG_WARN_INFINITE_RECURSION = YES;
				CLANG_WARN_INT_CONVERSION = YES;
				CLANG_WARN_NON_LITERAL_NULL_CONVERSION = YES;
				CLANG_WARN_OBJC_IMPLICIT_RETAIN_SELF = YES;
				CLANG_WARN_OBJC_LITERAL_CONVERSION = YES;
				CLANG_WARN_OBJC_ROOT_CLASS = YES_ERROR;
				CLANG_WARN_QUOTED_INCLUDE_IN_FRAMEWORK_HEADER = YES;
				CLANG_WARN_RANGE_LOOP_ANALYSIS = YES;
				CLANG_WARN_STRICT_PROTOTYPES = YES;
				CLANG_WARN_SUSPICIOUS_MOVE = YES;
				CLANG_WARN_UNGUARDED_AVAILABILITY = YES_AGGRESSIVE;
				CLANG_WARN_UNREACHABLE_CODE = YES;
				CLANG_WARN__DUPLICATE_METHOD_MATCH = YES;
				COPY_PHASE_STRIP = NO;
				DEBUG_INFORMATION_FORMAT = "dwarf-with-dsym";
				ENABLE_NS_ASSERTIONS = NO;
				ENABLE_STRICT_OBJC_MSGSEND = YES;
				ENABLE_USER_SCRIPT_SANDBOXING = YES;
				GCC_C_LANGUAGE_STANDARD = gnu17;
				GCC_NO_COMMON_BLOCKS = YES;
				GCC_WARN_64_TO_32_BIT_CONVERSION = YES;
				GCC_WARN_ABOUT_RETURN_TYPE = YES_ERROR;
				GCC_WARN_UNDECLARED_SELECTOR = YES;
				GCC_WARN_UNINITIALIZED_AUTOS = YES_AGGRESSIVE;
				GCC_WARN_UNUSED_FUNCTION = YES;
				GCC_WARN_UNUSED_VARIABLE = YES;
				LOCALIZATION_PREFERS_STRING_CATALOGS = YES;
				MTL_ENABLE_DEBUG_INFO = NO;
				MTL_FAST_MATH = YES;
				SWIFT_COMPILATION_MODE = wholemodule;
			};
			name = Release;
		};
		CFED8FF62BECCA0600E0111F /* Debug */ = {
			isa = XCBuildConfiguration;
			buildSettings = {
				ASSETCATALOG_COMPILER_APPICON_NAME = AppIcon;
				ASSETCATALOG_COMPILER_GLOBAL_ACCENT_COLOR_NAME = AccentColor;
				CODE_SIGN_STYLE = Automatic;
				CURRENT_PROJECT_VERSION = 1;
				DEVELOPMENT_ASSET_PATHS = "\"d10 Watch App/Preview Content\"";
				DEVELOPMENT_TEAM = E2AHMHGHNH;
				ENABLE_PREVIEWS = YES;
				GENERATE_INFOPLIST_FILE = YES;
				INFOPLIST_FILE = "d10-Watch-App-Info.plist";
				INFOPLIST_KEY_CFBundleDisplayName = d10;
				INFOPLIST_KEY_UISupportedInterfaceOrientations = "UIInterfaceOrientationPortrait UIInterfaceOrientationPortraitUpsideDown";
				INFOPLIST_KEY_WKWatchOnly = YES;
				LD_RUNPATH_SEARCH_PATHS = (
					"$(inherited)",
					"@executable_path/Frameworks",
				);
				MARKETING_VERSION = 1.0;
				PRODUCT_BUNDLE_IDENTIFIER = .watchkitapp;
				PRODUCT_NAME = "$(TARGET_NAME)";
				SDKROOT = watchos;
				SKIP_INSTALL = YES;
				SWIFT_EMIT_LOC_STRINGS = YES;
				SWIFT_VERSION = 5.0;
				TARGETED_DEVICE_FAMILY = 4;
				WATCHOS_DEPLOYMENT_TARGET = 8.7;
			};
			name = Debug;
		};
		CFED8FF72BECCA0600E0111F /* Release */ = {
			isa = XCBuildConfiguration;
			buildSettings = {
				ASSETCATALOG_COMPILER_APPICON_NAME = AppIcon;
				ASSETCATALOG_COMPILER_GLOBAL_ACCENT_COLOR_NAME = AccentColor;
				CODE_SIGN_STYLE = Automatic;
				CURRENT_PROJECT_VERSION = 1;
				DEVELOPMENT_ASSET_PATHS = "\"d10 Watch App/Preview Content\"";
				DEVELOPMENT_TEAM = E2AHMHGHNH;
				ENABLE_PREVIEWS = YES;
				GENERATE_INFOPLIST_FILE = YES;
				INFOPLIST_FILE = "d10-Watch-App-Info.plist";
				INFOPLIST_KEY_CFBundleDisplayName = d10;
				INFOPLIST_KEY_UISupportedInterfaceOrientations = "UIInterfaceOrientationPortrait UIInterfaceOrientationPortraitUpsideDown";
				INFOPLIST_KEY_WKWatchOnly = YES;
				LD_RUNPATH_SEARCH_PATHS = (
					"$(inherited)",
					"@executable_path/Frameworks",
				);
				MARKETING_VERSION = 1.0;
				PRODUCT_BUNDLE_IDENTIFIER = .watchkitapp;
				PRODUCT_NAME = "$(TARGET_NAME)";
				SDKROOT = watchos;
				SKIP_INSTALL = YES;
				SWIFT_EMIT_LOC_STRINGS = YES;
				SWIFT_VERSION = 5.0;
				TARGETED_DEVICE_FAMILY = 4;
				VALIDATE_PRODUCT = YES;
				WATCHOS_DEPLOYMENT_TARGET = 8.7;
			};
			name = Release;
		};
/* End XCBuildConfiguration section */

/* Begin XCConfigurationList section */
		CFED8FE22BECCA0500E0111F /* Build configuration list for PBXProject "d10" */ = {
			isa = XCConfigurationList;
			buildConfigurations = (
				CFED8FF32BECCA0600E0111F /* Debug */,
				CFED8FF42BECCA0600E0111F /* Release */,
			);
			defaultConfigurationIsVisible = 0;
			defaultConfigurationName = Release;
		};
		CFED8FF52BECCA0600E0111F /* Build configuration list for PBXNativeTarget "d10 Watch App" */ = {
			isa = XCConfigurationList;
			buildConfigurations = (
				CFED8FF62BECCA0600E0111F /* Debug */,
				CFED8FF72BECCA0600E0111F /* Release */,
			);
			defaultConfigurationIsVisible = 0;
			defaultConfigurationName = Release;
		};
/* End XCConfigurationList section */
	};
	rootObject = CFED8FDF2BECCA0500E0111F /* Project object */;
}
