// !$*UTF8*$!
{
	archiveVersion = 1;
	classes = {
	};
	objectVersion = 56;
	objects = {

/* Begin PBXBuildFile section */
		CFED8FBB2BECB9B800E0111F /* d9App.swift in Sources */ = {isa = PBXBuildFile; fileRef = CFED8FBA2BECB9B800E0111F /* d9App.swift */; };
		CFED8FBD2BECB9B800E0111F /* ContentView.swift in Sources */ = {isa = PBXBuildFile; fileRef = CFED8FBC2BECB9B800E0111F /* ContentView.swift */; };
		CFED8FBF2BECB9BA00E0111F /* Assets.xcassets in Resources */ = {isa = PBXBuildFile; fileRef = CFED8FBE2BECB9BA00E0111F /* Assets.xcassets */; };
		CFED8FC22BECB9BA00E0111F /* Preview Assets.xcassets in Resources */ = {isa = PBXBuildFile; fileRef = CFED8FC12BECB9BA00E0111F /* Preview Assets.xcassets */; };
		CFED8FCA2BECBAEF00E0111F /* ExtensionDelegate.swift in Sources */ = {isa = PBXBuildFile; fileRef = CFED8FC92BECBAEF00E0111F /* ExtensionDelegate.swift */; };
		CFED8FCC2BECBB4600E0111F /* LocalNotifications.swift in Sources */ = {isa = PBXBuildFile; fileRef = CFED8FCB2BECBB4600E0111F /* LocalNotifications.swift */; };
		CFED8FCE2BECBB7200E0111F /* NotificationController.swift in Sources */ = {isa = PBXBuildFile; fileRef = CFED8FCD2BECBB7200E0111F /* NotificationController.swift */; };
		CFED8FD22BECBBB800E0111F /* NotificationView.swift in Sources */ = {isa = PBXBuildFile; fileRef = CFED8FD12BECBBB800E0111F /* NotificationView.swift */; };
		CFED8FD42BECBC4100E0111F /* PushNotificationPayload.apns in Resources */ = {isa = PBXBuildFile; fileRef = CFED8FD32BECBC4100E0111F /* PushNotificationPayload.apns */; };
		CFED8FD72BECBC7800E0111F /* RemotePush.apns in Resources */ = {isa = PBXBuildFile; fileRef = CFED8FD62BECBC7800E0111F /* RemotePush.apns */; };
		CFED8FD92BECBC8B00E0111F /* RemoteNotificationView.swift in Sources */ = {isa = PBXBuildFile; fileRef = CFED8FD82BECBC8B00E0111F /* RemoteNotificationView.swift */; };
		CFED8FDB2BECBCBC00E0111F /* RemoteNotificationModel.swift in Sources */ = {isa = PBXBuildFile; fileRef = CFED8FDA2BECBCBC00E0111F /* RemoteNotificationModel.swift */; };
		CFED8FDD2BECBCD600E0111F /* RemoteNotificationController.swift in Sources */ = {isa = PBXBuildFile; fileRef = CFED8FDC2BECBCD600E0111F /* RemoteNotificationController.swift */; };
/* End PBXBuildFile section */

/* Begin PBXFileReference section */
		CFED8FB72BECB9B800E0111F /* d9 Watch App.app */ = {isa = PBXFileReference; explicitFileType = wrapper.application; includeInIndex = 0; path = "d9 Watch App.app"; sourceTree = BUILT_PRODUCTS_DIR; };
		CFED8FBA2BECB9B800E0111F /* d9App.swift */ = {isa = PBXFileReference; lastKnownFileType = sourcecode.swift; path = d9App.swift; sourceTree = "<group>"; };
		CFED8FBC2BECB9B800E0111F /* ContentView.swift */ = {isa = PBXFileReference; lastKnownFileType = sourcecode.swift; path = ContentView.swift; sourceTree = "<group>"; };
		CFED8FBE2BECB9BA00E0111F /* Assets.xcassets */ = {isa = PBXFileReference; lastKnownFileType = folder.assetcatalog; path = Assets.xcassets; sourceTree = "<group>"; };
		CFED8FC12BECB9BA00E0111F /* Preview Assets.xcassets */ = {isa = PBXFileReference; lastKnownFileType = folder.assetcatalog; path = "Preview Assets.xcassets"; sourceTree = "<group>"; };
		CFED8FC82BECBA5800E0111F /* d9 Watch App.entitlements */ = {isa = PBXFileReference; lastKnownFileType = text.plist.entitlements; path = "d9 Watch App.entitlements"; sourceTree = "<group>"; };
		CFED8FC92BECBAEF00E0111F /* ExtensionDelegate.swift */ = {isa = PBXFileReference; lastKnownFileType = sourcecode.swift; path = ExtensionDelegate.swift; sourceTree = "<group>"; };
		CFED8FCB2BECBB4600E0111F /* LocalNotifications.swift */ = {isa = PBXFileReference; lastKnownFileType = sourcecode.swift; path = LocalNotifications.swift; sourceTree = "<group>"; };
		CFED8FCD2BECBB7200E0111F /* NotificationController.swift */ = {isa = PBXFileReference; lastKnownFileType = sourcecode.swift; path = NotificationController.swift; sourceTree = "<group>"; };
		CFED8FD12BECBBB800E0111F /* NotificationView.swift */ = {isa = PBXFileReference; lastKnownFileType = sourcecode.swift; path = NotificationView.swift; sourceTree = "<group>"; };
		CFED8FD32BECBC4100E0111F /* PushNotificationPayload.apns */ = {isa = PBXFileReference; fileEncoding = 4; lastKnownFileType = text; path = PushNotificationPayload.apns; sourceTree = "<group>"; };
		CFED8FD62BECBC7800E0111F /* RemotePush.apns */ = {isa = PBXFileReference; fileEncoding = 4; lastKnownFileType = text; path = RemotePush.apns; sourceTree = "<group>"; };
		CFED8FD82BECBC8B00E0111F /* RemoteNotificationView.swift */ = {isa = PBXFileReference; lastKnownFileType = sourcecode.swift; path = RemoteNotificationView.swift; sourceTree = "<group>"; };
		CFED8FDA2BECBCBC00E0111F /* RemoteNotificationModel.swift */ = {isa = PBXFileReference; lastKnownFileType = sourcecode.swift; path = RemoteNotificationModel.swift; sourceTree = "<group>"; };
		CFED8FDC2BECBCD600E0111F /* RemoteNotificationController.swift */ = {isa = PBXFileReference; lastKnownFileType = sourcecode.swift; path = RemoteNotificationController.swift; sourceTree = "<group>"; };
/* End PBXFileReference section */

/* Begin PBXFrameworksBuildPhase section */
		CFED8FB42BECB9B800E0111F /* Frameworks */ = {
			isa = PBXFrameworksBuildPhase;
			buildActionMask = 2147483647;
			files = (
			);
			runOnlyForDeploymentPostprocessing = 0;
		};
/* End PBXFrameworksBuildPhase section */

/* Begin PBXGroup section */
		CFED8FAE2BECB9B800E0111F = {
			isa = PBXGroup;
			children = (
				CFED8FB92BECB9B800E0111F /* d9 Watch App */,
				CFED8FB82BECB9B800E0111F /* Products */,
			);
			sourceTree = "<group>";
		};
		CFED8FB82BECB9B800E0111F /* Products */ = {
			isa = PBXGroup;
			children = (
				CFED8FB72BECB9B800E0111F /* d9 Watch App.app */,
			);
			name = Products;
			sourceTree = "<group>";
		};
		CFED8FB92BECB9B800E0111F /* d9 Watch App */ = {
			isa = PBXGroup;
			children = (
				CFED8FD52BECBC5C00E0111F /* Remote Notifications */,
				CFED8FC82BECBA5800E0111F /* d9 Watch App.entitlements */,
				CFED8FBA2BECB9B800E0111F /* d9App.swift */,
				CFED8FBC2BECB9B800E0111F /* ContentView.swift */,
				CFED8FCB2BECBB4600E0111F /* LocalNotifications.swift */,
				CFED8FCD2BECBB7200E0111F /* NotificationController.swift */,
				CFED8FD12BECBBB800E0111F /* NotificationView.swift */,
				CFED8FD32BECBC4100E0111F /* PushNotificationPayload.apns */,
				CFED8FBE2BECB9BA00E0111F /* Assets.xcassets */,
				CFED8FC02BECB9BA00E0111F /* Preview Content */,
				CFED8FC92BECBAEF00E0111F /* ExtensionDelegate.swift */,
			);
			path = "d9 Watch App";
			sourceTree = "<group>";
		};
		CFED8FC02BECB9BA00E0111F /* Preview Content */ = {
			isa = PBXGroup;
			children = (
				CFED8FC12BECB9BA00E0111F /* Preview Assets.xcassets */,
			);
			path = "Preview Content";
			sourceTree = "<group>";
		};
		CFED8FD52BECBC5C00E0111F /* Remote Notifications */ = {
			isa = PBXGroup;
			children = (
				CFED8FD62BECBC7800E0111F /* RemotePush.apns */,
				CFED8FD82BECBC8B00E0111F /* RemoteNotificationView.swift */,
				CFED8FDA2BECBCBC00E0111F /* RemoteNotificationModel.swift */,
				CFED8FDC2BECBCD600E0111F /* RemoteNotificationController.swift */,
			);
			path = "Remote Notifications";
			sourceTree = "<group>";
		};
/* End PBXGroup section */

/* Begin PBXNativeTarget section */
		CFED8FB62BECB9B800E0111F /* d9 Watch App */ = {
			isa = PBXNativeTarget;
			buildConfigurationList = CFED8FC52BECB9BA00E0111F /* Build configuration list for PBXNativeTarget "d9 Watch App" */;
			buildPhases = (
				CFED8FB32BECB9B800E0111F /* Sources */,
				CFED8FB42BECB9B800E0111F /* Frameworks */,
				CFED8FB52BECB9B800E0111F /* Resources */,
			);
			buildRules = (
			);
			dependencies = (
			);
			name = "d9 Watch App";
			productName = "d9 Watch App";
			productReference = CFED8FB72BECB9B800E0111F /* d9 Watch App.app */;
			productType = "com.apple.product-type.application";
		};
/* End PBXNativeTarget section */

/* Begin PBXProject section */
		CFED8FAF2BECB9B800E0111F /* Project object */ = {
			isa = PBXProject;
			attributes = {
				BuildIndependentTargetsInParallel = 1;
				LastSwiftUpdateCheck = 1530;
				LastUpgradeCheck = 1530;
				TargetAttributes = {
					CFED8FB62BECB9B800E0111F = {
						CreatedOnToolsVersion = 15.3;
					};
				};
			};
			buildConfigurationList = CFED8FB22BECB9B800E0111F /* Build configuration list for PBXProject "d9" */;
			compatibilityVersion = "Xcode 14.0";
			developmentRegion = en;
			hasScannedForEncodings = 0;
			knownRegions = (
				en,
				Base,
			);
			mainGroup = CFED8FAE2BECB9B800E0111F;
			productRefGroup = CFED8FB82BECB9B800E0111F /* Products */;
			projectDirPath = "";
			projectRoot = "";
			targets = (
				CFED8FB62BECB9B800E0111F /* d9 Watch App */,
			);
		};
/* End PBXProject section */

/* Begin PBXResourcesBuildPhase section */
		CFED8FB52BECB9B800E0111F /* Resources */ = {
			isa = PBXResourcesBuildPhase;
			buildActionMask = 2147483647;
			files = (
				CFED8FC22BECB9BA00E0111F /* Preview Assets.xcassets in Resources */,
				CFED8FBF2BECB9BA00E0111F /* Assets.xcassets in Resources */,
				CFED8FD42BECBC4100E0111F /* PushNotificationPayload.apns in Resources */,
				CFED8FD72BECBC7800E0111F /* RemotePush.apns in Resources */,
			);
			runOnlyForDeploymentPostprocessing = 0;
		};
/* End PBXResourcesBuildPhase section */

/* Begin PBXSourcesBuildPhase section */
		CFED8FB32BECB9B800E0111F /* Sources */ = {
			isa = PBXSourcesBuildPhase;
			buildActionMask = 2147483647;
			files = (
				CFED8FCE2BECBB7200E0111F /* NotificationController.swift in Sources */,
				CFED8FD92BECBC8B00E0111F /* RemoteNotificationView.swift in Sources */,
				CFED8FCC2BECBB4600E0111F /* LocalNotifications.swift in Sources */,
				CFED8FBD2BECB9B800E0111F /* ContentView.swift in Sources */,
				CFED8FDD2BECBCD600E0111F /* RemoteNotificationController.swift in Sources */,
				CFED8FDB2BECBCBC00E0111F /* RemoteNotificationModel.swift in Sources */,
				CFED8FBB2BECB9B800E0111F /* d9App.swift in Sources */,
				CFED8FCA2BECBAEF00E0111F /* ExtensionDelegate.swift in Sources */,
				CFED8FD22BECBBB800E0111F /* NotificationView.swift in Sources */,
			);
			runOnlyForDeploymentPostprocessing = 0;
		};
/* End PBXSourcesBuildPhase section */

/* Begin XCBuildConfiguration section */
		CFED8FC32BECB9BA00E0111F /* Debug */ = {
			isa = XCBuildConfiguration;
			buildSettings = {
				ALWAYS_SEARCH_USER_PATHS = NO;
				ASSETCATALOG_COMPILER_GENERATE_SWIFT_ASSET_SYMBOL_EXTENSIONS = YES;
				CLANG_ANALYZER_NONNULL = YES;
				CLANG_ANALYZER_NUMBER_OBJECT_CONVERSION = YES_AGGRESSIVE;
				CLANG_CXX_LANGUAGE_STANDARD = "gnu++20";
				CLANG_ENABLE_MODULES = YES;
				CLANG_ENABLE_OBJC_ARC = YES;
				CLANG_ENABLE_OBJC_WEAK = YES;
				CLANG_WARN_BLOCK_CAPTURE_AUTORELEASING = YES;
				CLANG_WARN_BOOL_CONVERSION = YES;
				CLANG_WARN_COMMA = YES;
				CLANG_WARN_CONSTANT_CONVERSION = YES;
				CLANG_WARN_DEPRECATED_OBJC_IMPLEMENTATIONS = YES;
				CLANG_WARN_DIRECT_OBJC_ISA_USAGE = YES_ERROR;
				CLANG_WARN_DOCUMENTATION_COMMENTS = YES;
				CLANG_WARN_EMPTY_BODY = YES;
				CLANG_WARN_ENUM_CONVERSION = YES;
				CLANG_WARN_INFINITE_RECURSION = YES;
				CLANG_WARN_INT_CONVERSION = YES;
				CLANG_WARN_NON_LITERAL_NULL_CONVERSION = YES;
				CLANG_WARN_OBJC_IMPLICIT_RETAIN_SELF = YES;
				CLANG_WARN_OBJC_LITERAL_CONVERSION = YES;
				CLANG_WARN_OBJC_ROOT_CLASS = YES_ERROR;
				CLANG_WARN_QUOTED_INCLUDE_IN_FRAMEWORK_HEADER = YES;
				CLANG_WARN_RANGE_LOOP_ANALYSIS = YES;
				CLANG_WARN_STRICT_PROTOTYPES = YES;
				CLANG_WARN_SUSPICIOUS_MOVE = YES;
				CLANG_WARN_UNGUARDED_AVAILABILITY = YES_AGGRESSIVE;
				CLANG_WARN_UNREACHABLE_CODE = YES;
				CLANG_WARN__DUPLICATE_METHOD_MATCH = YES;
				COPY_PHASE_STRIP = NO;
				DEBUG_INFORMATION_FORMAT = dwarf;
				ENABLE_STRICT_OBJC_MSGSEND = YES;
				ENABLE_TESTABILITY = YES;
				ENABLE_USER_SCRIPT_SANDBOXING = YES;
				GCC_C_LANGUAGE_STANDARD = gnu17;
				GCC_DYNAMIC_NO_PIC = NO;
				GCC_NO_COMMON_BLOCKS = YES;
				GCC_OPTIMIZATION_LEVEL = 0;
				GCC_PREPROCESSOR_DEFINITIONS = (
					"DEBUG=1",
					"$(inherited)",
				);
				GCC_WARN_64_TO_32_BIT_CONVERSION = YES;
				GCC_WARN_ABOUT_RETURN_TYPE = YES_ERROR;
				GCC_WARN_UNDECLARED_SELECTOR = YES;
				GCC_WARN_UNINITIALIZED_AUTOS = YES_AGGRESSIVE;
				GCC_WARN_UNUSED_FUNCTION = YES;
				GCC_WARN_UNUSED_VARIABLE = YES;
				LOCALIZATION_PREFERS_STRING_CATALOGS = YES;
				MTL_ENABLE_DEBUG_INFO = INCLUDE_SOURCE;
				MTL_FAST_MATH = YES;
				ONLY_ACTIVE_ARCH = YES;
				SWIFT_ACTIVE_COMPILATION_CONDITIONS = "DEBUG $(inherited)";
				SWIFT_OPTIMIZATION_LEVEL = "-Onone";
			};
			name = Debug;
		};
		CFED8FC42BECB9BA00E0111F /* Release */ = {
			isa = XCBuildConfiguration;
			buildSettings = {
				ALWAYS_SEARCH_USER_PATHS = NO;
				ASSETCATALOG_COMPILER_GENERATE_SWIFT_ASSET_SYMBOL_EXTENSIONS = YES;
				CLANG_ANALYZER_NONNULL = YES;
				CLANG_ANALYZER_NUMBER_OBJECT_CONVERSION = YES_AGGRESSIVE;
				CLANG_CXX_LANGUAGE_STANDARD = "gnu++20";
				CLANG_ENABLE_MODULES = YES;
				CLANG_ENABLE_OBJC_ARC = YES;
				CLANG_ENABLE_OBJC_WEAK = YES;
				CLANG_WARN_BLOCK_CAPTURE_AUTORELEASING = YES;
				CLANG_WARN_BOOL_CONVERSION = YES;
				CLANG_WARN_COMMA = YES;
				CLANG_WARN_CONSTANT_CONVERSION = YES;
				CLANG_WARN_DEPRECATED_OBJC_IMPLEMENTATIONS = YES;
				CLANG_WARN_DIRECT_OBJC_ISA_USAGE = YES_ERROR;
				CLANG_WARN_DOCUMENTATION_COMMENTS = YES;
				CLANG_WARN_EMPTY_BODY = YES;
				CLANG_WARN_ENUM_CONVERSION = YES;
				CLANG_WARN_INFINITE_RECURSION = YES;
				CLANG_WARN_INT_CONVERSION = YES;
				CLANG_WARN_NON_LITERAL_NULL_CONVERSION = YES;
				CLANG_WARN_OBJC_IMPLICIT_RETAIN_SELF = YES;
				CLANG_WARN_OBJC_LITERAL_CONVERSION = YES;
				CLANG_WARN_OBJC_ROOT_CLASS = YES_ERROR;
				CLANG_WARN_QUOTED_INCLUDE_IN_FRAMEWORK_HEADER = YES;
				CLANG_WARN_RANGE_LOOP_ANALYSIS = YES;
				CLANG_WARN_STRICT_PROTOTYPES = YES;
				CLANG_WARN_SUSPICIOUS_MOVE = YES;
				CLANG_WARN_UNGUARDED_AVAILABILITY = YES_AGGRESSIVE;
				CLANG_WARN_UNREACHABLE_CODE = YES;
				CLANG_WARN__DUPLICATE_METHOD_MATCH = YES;
				COPY_PHASE_STRIP = NO;
				DEBUG_INFORMATION_FORMAT = "dwarf-with-dsym";
				ENABLE_NS_ASSERTIONS = NO;
				ENABLE_STRICT_OBJC_MSGSEND = YES;
				ENABLE_USER_SCRIPT_SANDBOXING = YES;
				GCC_C_LANGUAGE_STANDARD = gnu17;
				GCC_NO_COMMON_BLOCKS = YES;
				GCC_WARN_64_TO_32_BIT_CONVERSION = YES;
				GCC_WARN_ABOUT_RETURN_TYPE = YES_ERROR;
				GCC_WARN_UNDECLARED_SELECTOR = YES;
				GCC_WARN_UNINITIALIZED_AUTOS = YES_AGGRESSIVE;
				GCC_WARN_UNUSED_FUNCTION = YES;
				GCC_WARN_UNUSED_VARIABLE = YES;
				LOCALIZATION_PREFERS_STRING_CATALOGS = YES;
				MTL_ENABLE_DEBUG_INFO = NO;
				MTL_FAST_MATH = YES;
				SWIFT_COMPILATION_MODE = wholemodule;
			};
			name = Release;
		};
		CFED8FC62BECB9BA00E0111F /* Debug */ = {
			isa = XCBuildConfiguration;
			buildSettings = {
				ASSETCATALOG_COMPILER_APPICON_NAME = AppIcon;
				ASSETCATALOG_COMPILER_GLOBAL_ACCENT_COLOR_NAME = AccentColor;
				CODE_SIGN_ENTITLEMENTS = "d9 Watch App/d9 Watch App.entitlements";
				CODE_SIGN_STYLE = Automatic;
				CURRENT_PROJECT_VERSION = 1;
				DEVELOPMENT_ASSET_PATHS = "\"d9 Watch App/Preview Content\"";
				DEVELOPMENT_TEAM = E2AHMHGHNH;
				ENABLE_PREVIEWS = YES;
				GENERATE_INFOPLIST_FILE = YES;
				INFOPLIST_KEY_CFBundleDisplayName = d9;
				INFOPLIST_KEY_UISupportedInterfaceOrientations = "UIInterfaceOrientationPortrait UIInterfaceOrientationPortraitUpsideDown";
				INFOPLIST_KEY_WKCompanionAppBundleIdentifier = "";
				LD_RUNPATH_SEARCH_PATHS = (
					"$(inherited)",
					"@executable_path/Frameworks",
				);
				MARKETING_VERSION = 1.0;
				PRODUCT_BUNDLE_IDENTIFIER = .watchkitapp;
				PRODUCT_NAME = "$(TARGET_NAME)";
				SDKROOT = watchos;
				SKIP_INSTALL = YES;
				SWIFT_EMIT_LOC_STRINGS = YES;
				SWIFT_VERSION = 5.0;
				TARGETED_DEVICE_FAMILY = 4;
				WATCHOS_DEPLOYMENT_TARGET = 10.4;
			};
			name = Debug;
		};
		CFED8FC72BECB9BA00E0111F /* Release */ = {
			isa = XCBuildConfiguration;
			buildSettings = {
				ASSETCATALOG_COMPILER_APPICON_NAME = AppIcon;
				ASSETCATALOG_COMPILER_GLOBAL_ACCENT_COLOR_NAME = AccentColor;
				CODE_SIGN_ENTITLEMENTS = "d9 Watch App/d9 Watch App.entitlements";
				CODE_SIGN_STYLE = Automatic;
				CURRENT_PROJECT_VERSION = 1;
				DEVELOPMENT_ASSET_PATHS = "\"d9 Watch App/Preview Content\"";
				DEVELOPMENT_TEAM = E2AHMHGHNH;
				ENABLE_PREVIEWS = YES;
				GENERATE_INFOPLIST_FILE = YES;
				INFOPLIST_KEY_CFBundleDisplayName = d9;
				INFOPLIST_KEY_UISupportedInterfaceOrientations = "UIInterfaceOrientationPortrait UIInterfaceOrientationPortraitUpsideDown";
				INFOPLIST_KEY_WKCompanionAppBundleIdentifier = "";
				LD_RUNPATH_SEARCH_PATHS = (
					"$(inherited)",
					"@executable_path/Frameworks",
				);
				MARKETING_VERSION = 1.0;
				PRODUCT_BUNDLE_IDENTIFIER = .watchkitapp;
				PRODUCT_NAME = "$(TARGET_NAME)";
				SDKROOT = watchos;
				SKIP_INSTALL = YES;
				SWIFT_EMIT_LOC_STRINGS = YES;
				SWIFT_VERSION = 5.0;
				TARGETED_DEVICE_FAMILY = 4;
				VALIDATE_PRODUCT = YES;
				WATCHOS_DEPLOYMENT_TARGET = 10.4;
			};
			name = Release;
		};
/* End XCBuildConfiguration section */

/* Begin XCConfigurationList section */
		CFED8FB22BECB9B800E0111F /* Build configuration list for PBXProject "d9" */ = {
			isa = XCConfigurationList;
			buildConfigurations = (
				CFED8FC32BECB9BA00E0111F /* Debug */,
				CFED8FC42BECB9BA00E0111F /* Release */,
			);
			defaultConfigurationIsVisible = 0;
			defaultConfigurationName = Release;
		};
		CFED8FC52BECB9BA00E0111F /* Build configuration list for PBXNativeTarget "d9 Watch App" */ = {
			isa = XCConfigurationList;
			buildConfigurations = (
				CFED8FC62BECB9BA00E0111F /* Debug */,
				CFED8FC72BECB9BA00E0111F /* Release */,
			);
			defaultConfigurationIsVisible = 0;
			defaultConfigurationName = Release;
		};
/* End XCConfigurationList section */
	};
	rootObject = CFED8FAF2BECB9B800E0111F /* Project object */;
}
