// !$*UTF8*$!
{
	archiveVersion = 1;
	classes = {
	};
	objectVersion = 56;
	objects = {

/* Begin PBXBuildFile section */
		CFED8EF32BEB4C7D00E0111F /* d6App.swift in Sources */ = {isa = PBXBuildFile; fileRef = CFED8EF22BEB4C7D00E0111F /* d6App.swift */; };
		CFED8EF52BEB4C7D00E0111F /* ContentView.swift in Sources */ = {isa = PBXBuildFile; fileRef = CFED8EF42BEB4C7D00E0111F /* ContentView.swift */; };
		CFED8EF72BEB4C7E00E0111F /* Assets.xcassets in Resources */ = {isa = PBXBuildFile; fileRef = CFED8EF62BEB4C7E00E0111F /* Assets.xcassets */; };
		CFED8EFA2BEB4C7E00E0111F /* Preview Assets.xcassets in Resources */ = {isa = PBXBuildFile; fileRef = CFED8EF92BEB4C7E00E0111F /* Preview Assets.xcassets */; };
		CFED8F012BEB4D5B00E0111F /* EmojiSentence.swift in Sources */ = {isa = PBXBuildFile; fileRef = CFED8F002BEB4D5B00E0111F /* EmojiSentence.swift */; };
		CFED8F032BEB671900E0111F /* SpriteDemoView.swift in Sources */ = {isa = PBXBuildFile; fileRef = CFED8F022BEB671900E0111F /* SpriteDemoView.swift */; };
		CFED8F062BEB674F00E0111F /* PongScene.swift in Sources */ = {isa = PBXBuildFile; fileRef = CFED8F052BEB674F00E0111F /* PongScene.swift */; };
/* End PBXBuildFile section */

/* Begin PBXFileReference section */
		CFED8EEF2BEB4C7D00E0111F /* d6 Watch App.app */ = {isa = PBXFileReference; explicitFileType = wrapper.application; includeInIndex = 0; path = "d6 Watch App.app"; sourceTree = BUILT_PRODUCTS_DIR; };
		CFED8EF22BEB4C7D00E0111F /* d6App.swift */ = {isa = PBXFileReference; lastKnownFileType = sourcecode.swift; path = d6App.swift; sourceTree = "<group>"; };
		CFED8EF42BEB4C7D00E0111F /* ContentView.swift */ = {isa = PBXFileReference; lastKnownFileType = sourcecode.swift; path = ContentView.swift; sourceTree = "<group>"; };
		CFED8EF62BEB4C7E00E0111F /* Assets.xcassets */ = {isa = PBXFileReference; lastKnownFileType = folder.assetcatalog; path = Assets.xcassets; sourceTree = "<group>"; };
		CFED8EF92BEB4C7E00E0111F /* Preview Assets.xcassets */ = {isa = PBXFileReference; lastKnownFileType = folder.assetcatalog; path = "Preview Assets.xcassets"; sourceTree = "<group>"; };
		CFED8F002BEB4D5B00E0111F /* EmojiSentence.swift */ = {isa = PBXFileReference; lastKnownFileType = sourcecode.swift; path = EmojiSentence.swift; sourceTree = "<group>"; };
		CFED8F022BEB671900E0111F /* SpriteDemoView.swift */ = {isa = PBXFileReference; lastKnownFileType = sourcecode.swift; path = SpriteDemoView.swift; sourceTree = "<group>"; };
		CFED8F052BEB674F00E0111F /* PongScene.swift */ = {isa = PBXFileReference; lastKnownFileType = sourcecode.swift; path = PongScene.swift; sourceTree = "<group>"; };
/* End PBXFileReference section */

/* Begin PBXFrameworksBuildPhase section */
		CFED8EEC2BEB4C7D00E0111F /* Frameworks */ = {
			isa = PBXFrameworksBuildPhase;
			buildActionMask = 2147483647;
			files = (
			);
			runOnlyForDeploymentPostprocessing = 0;
		};
/* End PBXFrameworksBuildPhase section */

/* Begin PBXGroup section */
		CFED8EE62BEB4C7D00E0111F = {
			isa = PBXGroup;
			children = (
				CFED8EF12BEB4C7D00E0111F /* d6 Watch App */,
				CFED8EF02BEB4C7D00E0111F /* Products */,
			);
			sourceTree = "<group>";
		};
		CFED8EF02BEB4C7D00E0111F /* Products */ = {
			isa = PBXGroup;
			children = (
				CFED8EEF2BEB4C7D00E0111F /* d6 Watch App.app */,
			);
			name = Products;
			sourceTree = "<group>";
		};
		CFED8EF12BEB4C7D00E0111F /* d6 Watch App */ = {
			isa = PBXGroup;
			children = (
				CFED8F042BEB673000E0111F /* item1 */,
				CFED8EF22BEB4C7D00E0111F /* d6App.swift */,
				CFED8EF42BEB4C7D00E0111F /* ContentView.swift */,
				CFED8F002BEB4D5B00E0111F /* EmojiSentence.swift */,
				CFED8EF62BEB4C7E00E0111F /* Assets.xcassets */,
				CFED8EF82BEB4C7E00E0111F /* Preview Content */,
			);
			path = "d6 Watch App";
			sourceTree = "<group>";
		};
		CFED8EF82BEB4C7E00E0111F /* Preview Content */ = {
			isa = PBXGroup;
			children = (
				CFED8EF92BEB4C7E00E0111F /* Preview Assets.xcassets */,
			);
			path = "Preview Content";
			sourceTree = "<group>";
		};
		CFED8F042BEB673000E0111F /* item1 */ = {
			isa = PBXGroup;
			children = (
				CFED8F022BEB671900E0111F /* SpriteDemoView.swift */,
				CFED8F052BEB674F00E0111F /* PongScene.swift */,
			);
			path = item1;
			sourceTree = "<group>";
		};
/* End PBXGroup section */

/* Begin PBXNativeTarget section */
		CFED8EEE2BEB4C7D00E0111F /* d6 Watch App */ = {
			isa = PBXNativeTarget;
			buildConfigurationList = CFED8EFD2BEB4C7E00E0111F /* Build configuration list for PBXNativeTarget "d6 Watch App" */;
			buildPhases = (
				CFED8EEB2BEB4C7D00E0111F /* Sources */,
				CFED8EEC2BEB4C7D00E0111F /* Frameworks */,
				CFED8EED2BEB4C7D00E0111F /* Resources */,
			);
			buildRules = (
			);
			dependencies = (
			);
			name = "d6 Watch App";
			productName = "d6 Watch App";
			productReference = CFED8EEF2BEB4C7D00E0111F /* d6 Watch App.app */;
			productType = "com.apple.product-type.application";
		};
/* End PBXNativeTarget section */

/* Begin PBXProject section */
		CFED8EE72BEB4C7D00E0111F /* Project object */ = {
			isa = PBXProject;
			attributes = {
				BuildIndependentTargetsInParallel = 1;
				LastSwiftUpdateCheck = 1530;
				LastUpgradeCheck = 1530;
				TargetAttributes = {
					CFED8EEE2BEB4C7D00E0111F = {
						CreatedOnToolsVersion = 15.3;
					};
				};
			};
			buildConfigurationList = CFED8EEA2BEB4C7D00E0111F /* Build configuration list for PBXProject "d6" */;
			compatibilityVersion = "Xcode 14.0";
			developmentRegion = en;
			hasScannedForEncodings = 0;
			knownRegions = (
				en,
				Base,
			);
			mainGroup = CFED8EE62BEB4C7D00E0111F;
			productRefGroup = CFED8EF02BEB4C7D00E0111F /* Products */;
			projectDirPath = "";
			projectRoot = "";
			targets = (
				CFED8EEE2BEB4C7D00E0111F /* d6 Watch App */,
			);
		};
/* End PBXProject section */

/* Begin PBXResourcesBuildPhase section */
		CFED8EED2BEB4C7D00E0111F /* Resources */ = {
			isa = PBXResourcesBuildPhase;
			buildActionMask = 2147483647;
			files = (
				CFED8EFA2BEB4C7E00E0111F /* Preview Assets.xcassets in Resources */,
				CFED8EF72BEB4C7E00E0111F /* Assets.xcassets in Resources */,
			);
			runOnlyForDeploymentPostprocessing = 0;
		};
/* End PBXResourcesBuildPhase section */

/* Begin PBXSourcesBuildPhase section */
		CFED8EEB2BEB4C7D00E0111F /* Sources */ = {
			isa = PBXSourcesBuildPhase;
			buildActionMask = 2147483647;
			files = (
				CFED8F062BEB674F00E0111F /* PongScene.swift in Sources */,
				CFED8F012BEB4D5B00E0111F /* EmojiSentence.swift in Sources */,
				CFED8F032BEB671900E0111F /* SpriteDemoView.swift in Sources */,
				CFED8EF52BEB4C7D00E0111F /* ContentView.swift in Sources */,
				CFED8EF32BEB4C7D00E0111F /* d6App.swift in Sources */,
			);
			runOnlyForDeploymentPostprocessing = 0;
		};
/* End PBXSourcesBuildPhase section */

/* Begin XCBuildConfiguration section */
		CFED8EFB2BEB4C7E00E0111F /* Debug */ = {
			isa = XCBuildConfiguration;
			buildSettings = {
				ALWAYS_SEARCH_USER_PATHS = NO;
				ASSETCATALOG_COMPILER_GENERATE_SWIFT_ASSET_SYMBOL_EXTENSIONS = YES;
				CLANG_ANALYZER_NONNULL = YES;
				CLANG_ANALYZER_NUMBER_OBJECT_CONVERSION = YES_AGGRESSIVE;
				CLANG_CXX_LANGUAGE_STANDARD = "gnu++20";
				CLANG_ENABLE_MODULES = YES;
				CLANG_ENABLE_OBJC_ARC = YES;
				CLANG_ENABLE_OBJC_WEAK = YES;
				CLANG_WARN_BLOCK_CAPTURE_AUTORELEASING = YES;
				CLANG_WARN_BOOL_CONVERSION = YES;
				CLANG_WARN_COMMA = YES;
				CLANG_WARN_CONSTANT_CONVERSION = YES;
				CLANG_WARN_DEPRECATED_OBJC_IMPLEMENTATIONS = YES;
				CLANG_WARN_DIRECT_OBJC_ISA_USAGE = YES_ERROR;
				CLANG_WARN_DOCUMENTATION_COMMENTS = YES;
				CLANG_WARN_EMPTY_BODY = YES;
				CLANG_WARN_ENUM_CONVERSION = YES;
				CLANG_WARN_INFINITE_RECURSION = YES;
				CLANG_WARN_INT_CONVERSION = YES;
				CLANG_WARN_NON_LITERAL_NULL_CONVERSION = YES;
				CLANG_WARN_OBJC_IMPLICIT_RETAIN_SELF = YES;
				CLANG_WARN_OBJC_LITERAL_CONVERSION = YES;
				CLANG_WARN_OBJC_ROOT_CLASS = YES_ERROR;
				CLANG_WARN_QUOTED_INCLUDE_IN_FRAMEWORK_HEADER = YES;
				CLANG_WARN_RANGE_LOOP_ANALYSIS = YES;
				CLANG_WARN_STRICT_PROTOTYPES = YES;
				CLANG_WARN_SUSPICIOUS_MOVE = YES;
				CLANG_WARN_UNGUARDED_AVAILABILITY = YES_AGGRESSIVE;
				CLANG_WARN_UNREACHABLE_CODE = YES;
				CLANG_WARN__DUPLICATE_METHOD_MATCH = YES;
				COPY_PHASE_STRIP = NO;
				DEBUG_INFORMATION_FORMAT = dwarf;
				ENABLE_STRICT_OBJC_MSGSEND = YES;
				ENABLE_TESTABILITY = YES;
				ENABLE_USER_SCRIPT_SANDBOXING = YES;
				GCC_C_LANGUAGE_STANDARD = gnu17;
				GCC_DYNAMIC_NO_PIC = NO;
				GCC_NO_COMMON_BLOCKS = YES;
				GCC_OPTIMIZATION_LEVEL = 0;
				GCC_PREPROCESSOR_DEFINITIONS = (
					"DEBUG=1",
					"$(inherited)",
				);
				GCC_WARN_64_TO_32_BIT_CONVERSION = YES;
				GCC_WARN_ABOUT_RETURN_TYPE = YES_ERROR;
				GCC_WARN_UNDECLARED_SELECTOR = YES;
				GCC_WARN_UNINITIALIZED_AUTOS = YES_AGGRESSIVE;
				GCC_WARN_UNUSED_FUNCTION = YES;
				GCC_WARN_UNUSED_VARIABLE = YES;
				LOCALIZATION_PREFERS_STRING_CATALOGS = YES;
				MTL_ENABLE_DEBUG_INFO = INCLUDE_SOURCE;
				MTL_FAST_MATH = YES;
				ONLY_ACTIVE_ARCH = YES;
				SWIFT_ACTIVE_COMPILATION_CONDITIONS = "DEBUG $(inherited)";
				SWIFT_OPTIMIZATION_LEVEL = "-Onone";
			};
			name = Debug;
		};
		CFED8EFC2BEB4C7E00E0111F /* Release */ = {
			isa = XCBuildConfiguration;
			buildSettings = {
				ALWAYS_SEARCH_USER_PATHS = NO;
				ASSETCATALOG_COMPILER_GENERATE_SWIFT_ASSET_SYMBOL_EXTENSIONS = YES;
				CLANG_ANALYZER_NONNULL = YES;
				CLANG_ANALYZER_NUMBER_OBJECT_CONVERSION = YES_AGGRESSIVE;
				CLANG_CXX_LANGUAGE_STANDARD = "gnu++20";
				CLANG_ENABLE_MODULES = YES;
				CLANG_ENABLE_OBJC_ARC = YES;
				CLANG_ENABLE_OBJC_WEAK = YES;
				CLANG_WARN_BLOCK_CAPTURE_AUTORELEASING = YES;
				CLANG_WARN_BOOL_CONVERSION = YES;
				CLANG_WARN_COMMA = YES;
				CLANG_WARN_CONSTANT_CONVERSION = YES;
				CLANG_WARN_DEPRECATED_OBJC_IMPLEMENTATIONS = YES;
				CLANG_WARN_DIRECT_OBJC_ISA_USAGE = YES_ERROR;
				CLANG_WARN_DOCUMENTATION_COMMENTS = YES;
				CLANG_WARN_EMPTY_BODY = YES;
				CLANG_WARN_ENUM_CONVERSION = YES;
				CLANG_WARN_INFINITE_RECURSION = YES;
				CLANG_WARN_INT_CONVERSION = YES;
				CLANG_WARN_NON_LITERAL_NULL_CONVERSION = YES;
				CLANG_WARN_OBJC_IMPLICIT_RETAIN_SELF = YES;
				CLANG_WARN_OBJC_LITERAL_CONVERSION = YES;
				CLANG_WARN_OBJC_ROOT_CLASS = YES_ERROR;
				CLANG_WARN_QUOTED_INCLUDE_IN_FRAMEWORK_HEADER = YES;
				CLANG_WARN_RANGE_LOOP_ANALYSIS = YES;
				CLANG_WARN_STRICT_PROTOTYPES = YES;
				CLANG_WARN_SUSPICIOUS_MOVE = YES;
				CLANG_WARN_UNGUARDED_AVAILABILITY = YES_AGGRESSIVE;
				CLANG_WARN_UNREACHABLE_CODE = YES;
				CLANG_WARN__DUPLICATE_METHOD_MATCH = YES;
				COPY_PHASE_STRIP = NO;
				DEBUG_INFORMATION_FORMAT = "dwarf-with-dsym";
				ENABLE_NS_ASSERTIONS = NO;
				ENABLE_STRICT_OBJC_MSGSEND = YES;
				ENABLE_USER_SCRIPT_SANDBOXING = YES;
				GCC_C_LANGUAGE_STANDARD = gnu17;
				GCC_NO_COMMON_BLOCKS = YES;
				GCC_WARN_64_TO_32_BIT_CONVERSION = YES;
				GCC_WARN_ABOUT_RETURN_TYPE = YES_ERROR;
				GCC_WARN_UNDECLARED_SELECTOR = YES;
				GCC_WARN_UNINITIALIZED_AUTOS = YES_AGGRESSIVE;
				GCC_WARN_UNUSED_FUNCTION = YES;
				GCC_WARN_UNUSED_VARIABLE = YES;
				LOCALIZATION_PREFERS_STRING_CATALOGS = YES;
				MTL_ENABLE_DEBUG_INFO = NO;
				MTL_FAST_MATH = YES;
				SWIFT_COMPILATION_MODE = wholemodule;
			};
			name = Release;
		};
		CFED8EFE2BEB4C7E00E0111F /* Debug */ = {
			isa = XCBuildConfiguration;
			buildSettings = {
				ASSETCATALOG_COMPILER_APPICON_NAME = AppIcon;
				ASSETCATALOG_COMPILER_GLOBAL_ACCENT_COLOR_NAME = AccentColor;
				CODE_SIGN_STYLE = Automatic;
				CURRENT_PROJECT_VERSION = 1;
				DEVELOPMENT_ASSET_PATHS = "\"d6 Watch App/Preview Content\"";
				DEVELOPMENT_TEAM = E2AHMHGHNH;
				ENABLE_PREVIEWS = YES;
				GENERATE_INFOPLIST_FILE = YES;
				INFOPLIST_KEY_CFBundleDisplayName = d6;
				INFOPLIST_KEY_UISupportedInterfaceOrientations = "UIInterfaceOrientationPortrait UIInterfaceOrientationPortraitUpsideDown";
				INFOPLIST_KEY_WKCompanionAppBundleIdentifier = "";
				LD_RUNPATH_SEARCH_PATHS = (
					"$(inherited)",
					"@executable_path/Frameworks",
				);
				MARKETING_VERSION = 1.0;
				PRODUCT_BUNDLE_IDENTIFIER = .watchkitapp;
				PRODUCT_NAME = "$(TARGET_NAME)";
				SDKROOT = watchos;
				SKIP_INSTALL = YES;
				SWIFT_EMIT_LOC_STRINGS = YES;
				SWIFT_VERSION = 5.0;
				TARGETED_DEVICE_FAMILY = 4;
				WATCHOS_DEPLOYMENT_TARGET = 10.4;
			};
			name = Debug;
		};
		CFED8EFF2BEB4C7E00E0111F /* Release */ = {
			isa = XCBuildConfiguration;
			buildSettings = {
				ASSETCATALOG_COMPILER_APPICON_NAME = AppIcon;
				ASSETCATALOG_COMPILER_GLOBAL_ACCENT_COLOR_NAME = AccentColor;
				CODE_SIGN_STYLE = Automatic;
				CURRENT_PROJECT_VERSION = 1;
				DEVELOPMENT_ASSET_PATHS = "\"d6 Watch App/Preview Content\"";
				DEVELOPMENT_TEAM = E2AHMHGHNH;
				ENABLE_PREVIEWS = YES;
				GENERATE_INFOPLIST_FILE = YES;
				INFOPLIST_KEY_CFBundleDisplayName = d6;
				INFOPLIST_KEY_UISupportedInterfaceOrientations = "UIInterfaceOrientationPortrait UIInterfaceOrientationPortraitUpsideDown";
				INFOPLIST_KEY_WKCompanionAppBundleIdentifier = "";
				LD_RUNPATH_SEARCH_PATHS = (
					"$(inherited)",
					"@executable_path/Frameworks",
				);
				MARKETING_VERSION = 1.0;
				PRODUCT_BUNDLE_IDENTIFIER = .watchkitapp;
				PRODUCT_NAME = "$(TARGET_NAME)";
				SDKROOT = watchos;
				SKIP_INSTALL = YES;
				SWIFT_EMIT_LOC_STRINGS = YES;
				SWIFT_VERSION = 5.0;
				TARGETED_DEVICE_FAMILY = 4;
				VALIDATE_PRODUCT = YES;
				WATCHOS_DEPLOYMENT_TARGET = 10.4;
			};
			name = Release;
		};
/* End XCBuildConfiguration section */

/* Begin XCConfigurationList section */
		CFED8EEA2BEB4C7D00E0111F /* Build configuration list for PBXProject "d6" */ = {
			isa = XCConfigurationList;
			buildConfigurations = (
				CFED8EFB2BEB4C7E00E0111F /* Debug */,
				CFED8EFC2BEB4C7E00E0111F /* Release */,
			);
			defaultConfigurationIsVisible = 0;
			defaultConfigurationName = Release;
		};
		CFED8EFD2BEB4C7E00E0111F /* Build configuration list for PBXNativeTarget "d6 Watch App" */ = {
			isa = XCConfigurationList;
			buildConfigurations = (
				CFED8EFE2BEB4C7E00E0111F /* Debug */,
				CFED8EFF2BEB4C7E00E0111F /* Release */,
			);
			defaultConfigurationIsVisible = 0;
			defaultConfigurationName = Release;
		};
/* End XCConfigurationList section */
	};
	rootObject = CFED8EE72BEB4C7D00E0111F /* Project object */;
}
